
Microsoft Visual Studio Solution File, Format Version 12.00
# Visual Studio Version 16
VisualStudioVersion = 16.0.28809.33
MinimumVisualStudioVersion = 10.0.40219.1
Project("{9A19103F-16F7-4668-BE54-9A1E7A4F7556}") = "MultispatialLogistics", "MultispatialLogistics\MultispatialLogistics.csproj", "{5BFB44EB-1546-4CC9-A72D-71F99334D1DA}"
EndProject
Project("{FAE04EC0-301F-11D3-BF4B-00C04F79EFBC}") = "MultispatialLogistics.Core3", "MultispatialLogistics.Core3\MultispatialLogistics.Core3.csproj", "{F55CB385-0395-4DDF-94F0-EAB02FF46C26}"
EndProject
Global
	GlobalSection(SolutionConfigurationPlatforms) = preSolution
		Debug|Any CPU = Debug|Any CPU
		Release|Any CPU = Release|Any CPU
	EndGlobalSection
	GlobalSection(ProjectConfigurationPlatforms) = postSolution
		{5BFB44EB-1546-4CC9-A72D-71F99334D1DA}.Debug|Any CPU.ActiveCfg = Debug|Any CPU
		{5BFB44EB-1546-4CC9-A72D-71F99334D1DA}.Debug|Any CPU.Build.0 = Debug|Any CPU
		{5BFB44EB-1546-4CC9-A72D-71F99334D1DA}.Release|Any CPU.ActiveCfg = Release|Any CPU
		{5BFB44EB-1546-4CC9-A72D-71F99334D1DA}.Release|Any CPU.Build.0 = Release|Any CPU
		{F55CB385-0395-4DDF-94F0-EAB02FF46C26}.Debug|Any CPU.ActiveCfg = Debug|Any CPU
		{F55CB385-0395-4DDF-94F0-EAB02FF46C26}.Debug|Any CPU.Build.0 = Debug|Any CPU
		{F55CB385-0395-4DDF-94F0-EAB02FF46C26}.Release|Any CPU.ActiveCfg = Release|Any CPU
		{F55CB385-0395-4DDF-94F0-EAB02FF46C26}.Release|Any CPU.Build.0 = Release|Any CPU
	EndGlobalSection
	GlobalSection(SolutionProperties) = preSolution
		HideSolutionNode = FALSE
	EndGlobalSection
	GlobalSection(ExtensibilityGlobals) = postSolution
		SolutionGuid = {0423CFA9-C7C1-445C-A253-A33D6C6DA51F}
	EndGlobalSection
EndGlobal
